// !$*UTF8*$!
{
	archiveVersion = 1;
	classes = {
	};
	objectVersion = 46;
	objects = {

/* Begin PBXBuildFile section */
		5ABFA6E61F33166F00161FAC /* AppDelegate.swift in Sources */ = {isa = PBXBuildFile; fileRef = 5ABFA6E51F33166F00161FAC /* AppDelegate.swift */; };
		5ABFA6E81F33166F00161FAC /* ViewController.swift in Sources */ = {isa = PBXBuildFile; fileRef = 5ABFA6E71F33166F00161FAC /* ViewController.swift */; };
		5ABFA6EB1F33166F00161FAC /* Main.storyboard in Resources */ = {isa = PBXBuildFile; fileRef = 5ABFA6E91F33166F00161FAC /* Main.storyboard */; };
		5ABFA6ED1F33166F00161FAC /* Assets.xcassets in Resources */ = {isa = PBXBuildFile; fileRef = 5ABFA6EC1F33166F00161FAC /* Assets.xcassets */; };
		5ABFA6F01F33166F00161FAC /* LaunchScreen.storyboard in Resources */ = {isa = PBXBuildFile; fileRef = 5ABFA6EE1F33166F00161FAC /* LaunchScreen.storyboard */; };
/* End PBXBuildFile section */

/* Begin PBXFileReference section */
		5ABFA6E21F33166F00161FAC /* TableViewControllerDemo.app */ = {isa = PBXFileReference; explicitFileType = wrapper.application; includeInIndex = 0; path = TableViewControllerDemo.app; sourceTree = BUILT_PRODUCTS_DIR; };
		5ABFA6E51F33166F00161FAC /* AppDelegate.swift */ = {isa = PBXFileReference; lastKnownFileType = sourcecode.swift; path = AppDelegate.swift; sourceTree = "<group>"; };
		5ABFA6E71F33166F00161FAC /* ViewController.swift */ = {isa = PBXFileReference; lastKnownFileType = sourcecode.swift; path = ViewController.swift; sourceTree = "<group>"; };
		5ABFA6EA1F33166F00161FAC /* Base */ = {isa = PBXFileReference; lastKnownFileType = file.storyboard; name = Base; path = Base.lproj/Main.storyboard; sourceTree = "<group>"; };
		5ABFA6EC1F33166F00161FAC /* Assets.xcassets */ = {isa = PBXFileReference; lastKnownFileType = folder.assetcatalog; path = Assets.xcassets; sourceTree = "<group>"; };
		5ABFA6EF1F33166F00161FAC /* Base */ = {isa = PBXFileReference; lastKnownFileType = file.storyboard; name = Base; path = Base.lproj/LaunchScreen.storyboard; sourceTree = "<group>"; };
		5ABFA6F11F33166F00161FAC /* Info.plist */ = {isa = PBXFileReference; lastKnownFileType = text.plist.xml; path = Info.plist; sourceTree = "<group>"; };
/* End PBXFileReference section */

/* Begin PBXFrameworksBuildPhase section */
		5ABFA6DF1F33166F00161FAC /* Frameworks */ = {
			isa = PBXFrameworksBuildPhase;
			buildActionMask = 2147483647;
			files = (
			);
			runOnlyForDeploymentPostprocessing = 0;
		};
/* End PBXFrameworksBuildPhase section */

/* Begin PBXGroup section */
		5ABFA6D91F33166F00161FAC = {
			isa = PBXGroup;
			children = (
				5ABFA6E41F33166F00161FAC /* TableViewControllerDemo */,
				5ABFA6E31F33166F00161FAC /* Products */,
			);
			sourceTree = "<group>";
		};
		5ABFA6E31F33166F00161FAC /* Products */ = {
			isa = PBXGroup;
			children = (
				5ABFA6E21F33166F00161FAC /* TableViewControllerDemo.app */,
			);
			name = Products;
			sourceTree = "<group>";
		};
		5ABFA6E41F33166F00161FAC /* TableViewControllerDemo */ = {
			isa = PBXGroup;
			children = (
				5ABFA6E51F33166F00161FAC /* AppDelegate.swift */,
				5ABFA6E71F33166F00161FAC /* ViewController.swift */,
				5ABFA6E91F33166F00161FAC /* Main.storyboard */,
				5ABFA6EC1F33166F00161FAC /* Assets.xcassets */,
				5ABFA6EE1F33166F00161FAC /* LaunchScreen.storyboard */,
				5ABFA6F11F33166F00161FAC /* Info.plist */,
			);
			path = TableViewControllerDemo;
			sourceTree = "<group>";
		};
/* End PBXGroup section */

/* Begin PBXNativeTarget section */
		5ABFA6E11F33166F00161FAC /* TableViewControllerDemo */ = {
			isa = PBXNativeTarget;
			buildConfigurationList = 5ABFA6F41F33166F00161FAC /* Build configuration list for PBXNativeTarget "TableViewControllerDemo" */;
			buildPhases = (
				5ABFA6DE1F33166F00161FAC /* Sources */,
				5ABFA6DF1F33166F00161FAC /* Frameworks */,
				5ABFA6E01F33166F00161FAC /* Resources */,
			);
			buildRules = (
			);
			dependencies = (
			);
			name = TableViewControllerDemo;
			productName = TableViewControllerDemo;
			productReference = 5ABFA6E21F33166F00161FAC /* TableViewControllerDemo.app */;
			productType = "com.apple.product-type.application";
		};
/* End PBXNativeTarget section */

/* Begin PBXProject section */
		5ABFA6DA1F33166F00161FAC /* Project object */ = {
			isa = PBXProject;
			attributes = {
				LastSwiftUpdateCheck = 0830;
				LastUpgradeCheck = 0830;
				ORGANIZATIONNAME = "Sinh NX";
				TargetAttributes = {
					5ABFA6E11F33166F00161FAC = {
						CreatedOnToolsVersion = 8.3.3;
						ProvisioningStyle = Automatic;
					};
				};
			};
			buildConfigurationList = 5ABFA6DD1F33166F00161FAC /* Build configuration list for PBXProject "TableViewControllerDemo" */;
			compatibilityVersion = "Xcode 3.2";
			developmentRegion = English;
			hasScannedForEncodings = 0;
			knownRegions = (
				en,
				Base,
			);
			mainGroup = 5ABFA6D91F33166F00161FAC;
			productRefGroup = 5ABFA6E31F33166F00161FAC /* Products */;
			projectDirPath = "";
			projectRoot = "";
			targets = (
				5ABFA6E11F33166F00161FAC /* TableViewControllerDemo */,
			);
		};
/* End PBXProject section */

/* Begin PBXResourcesBuildPhase section */
		5ABFA6E01F33166F00161FAC /* Resources */ = {
			isa = PBXResourcesBuildPhase;
			buildActionMask = 2147483647;
			files = (
				5ABFA6F01F33166F00161FAC /* LaunchScreen.storyboard in Resources */,
				5ABFA6ED1F33166F00161FAC /* Assets.xcassets in Resources */,
				5ABFA6EB1F33166F00161FAC /* Main.storyboard in Resources */,
			);
			runOnlyForDeploymentPostprocessing = 0;
		};
/* End PBXResourcesBuildPhase section */

/* Begin PBXSourcesBuildPhase section */
		5ABFA6DE1F33166F00161FAC /* Sources */ = {
			isa = PBXSourcesBuildPhase;
			buildActionMask = 2147483647;
			files = (
				5ABFA6E81F33166F00161FAC /* ViewController.swift in Sources */,
				5ABFA6E61F33166F00161FAC /* AppDelegate.swift in Sources */,
			);
			runOnlyForDeploymentPostprocessing = 0;
		};
/* End PBXSourcesBuildPhase section */

/* Begin PBXVariantGroup section */
		5ABFA6E91F33166F00161FAC /* Main.storyboard */ = {
			isa = PBXVariantGroup;
			children = (
				5ABFA6EA1F33166F00161FAC /* Base */,
			);
			name = Main.storyboard;
			sourceTree = "<group>";
		};
		5ABFA6EE1F33166F00161FAC /* LaunchScreen.storyboard */ = {
			isa = PBXVariantGroup;
			children = (
				5ABFA6EF1F33166F00161FAC /* Base */,
			);
			name = LaunchScreen.storyboard;
			sourceTree = "<group>";
		};
/* End PBXVariantGroup section */

/* Begin XCBuildConfiguration section */
		5ABFA6F21F33166F00161FAC /* Debug */ = {
			isa = XCBuildConfiguration;
			buildSettings = {
				ALWAYS_SEARCH_USER_PATHS = NO;
				CLANG_ANALYZER_NONNULL = YES;
				CLANG_ANALYZER_NUMBER_OBJECT_CONVERSION = YES_AGGRESSIVE;
				CLANG_CXX_LANGUAGE_STANDARD = "gnu++0x";
				CLANG_CXX_LIBRARY = "libc++";
				CLANG_ENABLE_MODULES = YES;
				CLANG_ENABLE_OBJC_ARC = YES;
				CLANG_WARN_BOOL_CONVERSION = YES;
				CLANG_WARN_CONSTANT_CONVERSION = YES;
				CLANG_WARN_DIRECT_OBJC_ISA_USAGE = YES_ERROR;
				CLANG_WARN_DOCUMENTATION_COMMENTS = YES;
				CLANG_WARN_EMPTY_BODY = YES;
				CLANG_WARN_ENUM_CONVERSION = YES;
				CLANG_WARN_INFINITE_RECURSION = YES;
				CLANG_WARN_INT_CONVERSION = YES;
				CLANG_WARN_OBJC_ROOT_CLASS = YES_ERROR;
				CLANG_WARN_SUSPICIOUS_MOVE = YES;
				CLANG_WARN_UNREACHABLE_CODE = YES;
				CLANG_WARN__DUPLICATE_METHOD_MATCH = YES;
				"CODE_SIGN_IDENTITY[sdk=iphoneos*]" = "iPhone Developer";
				COPY_PHASE_STRIP = NO;
				DEBUG_INFORMATION_FORMAT = dwarf;
				ENABLE_STRICT_OBJC_MSGSEND = YES;
				ENABLE_TESTABILITY = YES;
				GCC_C_LANGUAGE_STANDARD = gnu99;
				GCC_DYNAMIC_NO_PIC = NO;
				GCC_NO_COMMON_BLOCKS = YES;
				GCC_OPTIMIZATION_LEVEL = 0;
				GCC_PREPROCESSOR_DEFINITIONS = (
					"DEBUG=1",
					"$(inherited)",
				);
				GCC_WARN_64_TO_32_BIT_CONVERSION = YES;
				GCC_WARN_ABOUT_RETURN_TYPE = YES_ERROR;
				GCC_WARN_UNDECLARED_SELECTOR = YES;
				GCC_WARN_UNINITIALIZED_AUTOS = YES_AGGRESSIVE;
				GCC_WARN_UNUSED_FUNCTION = YES;
				GCC_WARN_UNUSED_VARIABLE = YES;
				IPHONEOS_DEPLOYMENT_TARGET = 10.3;
				MTL_ENABLE_DEBUG_INFO = YES;
				ONLY_ACTIVE_ARCH = YES;
				SDKROOT = iphoneos;
				SWIFT_ACTIVE_COMPILATION_CONDITIONS = DEBUG;
				SWIFT_OPTIMIZATION_LEVEL = "-Onone";
			};
			name = Debug;
		};
		5ABFA6F31F33166F00161FAC /* Release */ = {
			isa = XCBuildConfiguration;
			buildSettings = {
				ALWAYS_SEARCH_USER_PATHS = NO;
				CLANG_ANALYZER_NONNULL = YES;
				CLANG_ANALYZER_NUMBER_OBJECT_CONVERSION = YES_AGGRESSIVE;
				CLANG_CXX_LANGUAGE_STANDARD = "gnu++0x";
				CLANG_CXX_LIBRARY = "libc++";
				CLANG_ENABLE_MODULES = YES;
				CLANG_ENABLE_OBJC_ARC = YES;
				CLANG_WARN_BOOL_CONVERSION = YES;
				CLANG_WARN_CONSTANT_CONVERSION = YES;
				CLANG_WARN_DIRECT_OBJC_ISA_USAGE = YES_ERROR;
				CLANG_WARN_DOCUMENTATION_COMMENTS = YES;
				CLANG_WARN_EMPTY_BODY = YES;
				CLANG_WARN_ENUM_CONVERSION = YES;
				CLANG_WARN_INFINITE_RECURSION = YES;
				CLANG_WARN_INT_CONVERSION = YES;
				CLANG_WARN_OBJC_ROOT_CLASS = YES_ERROR;
				CLANG_WARN_SUSPICIOUS_MOVE = YES;
				CLANG_WARN_UNREACHABLE_CODE = YES;
				CLANG_WARN__DUPLICATE_METHOD_MATCH = YES;
				"CODE_SIGN_IDENTITY[sdk=iphoneos*]" = "iPhone Developer";
				COPY_PHASE_STRIP = NO;
				DEBUG_INFORMATION_FORMAT = "dwarf-with-dsym";
				ENABLE_NS_ASSERTIONS = NO;
				ENABLE_STRICT_OBJC_MSGSEND = YES;
				GCC_C_LANGUAGE_STANDARD = gnu99;
				GCC_NO_COMMON_BLOCKS = YES;
				GCC_WARN_64_TO_32_BIT_CONVERSION = YES;
				GCC_WARN_ABOUT_RETURN_TYPE = YES_ERROR;
				GCC_WARN_UNDECLARED_SELECTOR = YES;
				GCC_WARN_UNINITIALIZED_AUTOS = YES_AGGRESSIVE;
				GCC_WARN_UNUSED_FUNCTION = YES;
				GCC_WARN_UNUSED_VARIABLE = YES;
				IPHONEOS_DEPLOYMENT_TARGET = 10.3;
				MTL_ENABLE_DEBUG_INFO = NO;
				SDKROOT = iphoneos;
				SWIFT_OPTIMIZATION_LEVEL = "-Owholemodule";
				VALIDATE_PRODUCT = YES;
			};
			name = Release;
		};
		5ABFA6F51F33166F00161FAC /* Debug */ = {
			isa = XCBuildConfiguration;
			buildSettings = {
				ASSETCATALOG_COMPILER_APPICON_NAME = AppIcon;
				INFOPLIST_FILE = TableViewControllerDemo/Info.plist;
				LD_RUNPATH_SEARCH_PATHS = "$(inherited) @executable_path/Frameworks";
				PRODUCT_BUNDLE_IDENTIFIER = vn.edu.vtc.TableViewControllerDemo;
				PRODUCT_NAME = "$(TARGET_NAME)";
				SWIFT_VERSION = 3.0;
			};
			name = Debug;
		};
		5ABFA6F61F33166F00161FAC /* Release */ = {
			isa = XCBuildConfiguration;
			buildSettings = {
				ASSETCATALOG_COMPILER_APPICON_NAME = AppIcon;
				INFOPLIST_FILE = TableViewControllerDemo/Info.plist;
				LD_RUNPATH_SEARCH_PATHS = "$(inherited) @executable_path/Frameworks";
				PRODUCT_BUNDLE_IDENTIFIER = vn.edu.vtc.TableViewControllerDemo;
				PRODUCT_NAME = "$(TARGET_NAME)";
				SWIFT_VERSION = 3.0;
			};
			name = Release;
		};
/* End XCBuildConfiguration section */

/* Begin XCConfigurationList section */
		5ABFA6DD1F33166F00161FAC /* Build configuration list for PBXProject "TableViewControllerDemo" */ = {
			isa = XCConfigurationList;
			buildConfigurations = (
				5ABFA6F21F33166F00161FAC /* Debug */,
				5ABFA6F31F33166F00161FAC /* Release */,
			);
			defaultConfigurationIsVisible = 0;
			defaultConfigurationName = Release;
		};
		5ABFA6F41F33166F00161FAC /* Build configuration list for PBXNativeTarget "TableViewControllerDemo" */ = {
			isa = XCConfigurationList;
			buildConfigurations = (
				5ABFA6F51F33166F00161FAC /* Debug */,
				5ABFA6F61F33166F00161FAC /* Release */,
			);
			defaultConfigurationIsVisible = 0;
		};
/* End XCConfigurationList section */
	};
	rootObject = 5ABFA6DA1F33166F00161FAC /* Project object */;
}
